{
    "_meta": {
        "hash": {
            "sha256": "0e693cbe1655c8fb254f969798f2bce91ec7643209d4f73a544d615c36f0cf38"
        },
        "pipfile-spec": 6,
        "requires": {
            "python_version": "3.8"
        },
        "sources": [
            {
                "name": "pypi",
                "url": "https://pypi.org/simple",
                "verify_ssl": true
            }
        ]
    },
    "default": {
        "pybullet": {
            "hashes": [
                "sha256:10f0b947eeea4d42f324a727be701bef1cfebf3cb532332a9c7549cf34b76475",
                "sha256:6196110885debf7528f03ab9aecd5f61d5de4654a39c8cbea3ce496220ea6e4f",
                "sha256:86ea0d85d538ffdbdc4684708fc81bff3371b14b5ad2207e67d653b5083879d2",
                "sha256:8c3cfff5f2c3797891ccfdfe5893945be9545c44596034f7240a2c766b1f4d73",
                "sha256:a7558b63c754ee13e5937d348a6a1e496bc317983b0229a0351f896bd5678ed7",
                "sha256:ed73517895eee6b238e5bc140040edab9fd6883b49fce2fed03f8fe87877e36d",
                "sha256:ef8101bcac2f618b4b9fdd926394d5611b0c7c8df8217f98b728da254b597cb6"
            ],
            "index": "pypi",
            "version": "==3.2.1"
        }
    },
    "develop": {}
}
